
Microsoft Visual Studio Solution File, Format Version 12.00
# Visual Studio Version 17
VisualStudioVersion = 17.0.31903.59
MinimumVisualStudioVersion = 10.0.40219.1
Project("{9A19103F-16F7-4668-BE54-9A1E7A4F7556}") = "DuplicateFinder.App", "DuplicateFinder.App\DuplicateFinder.App.csproj", "{316504DD-4E36-4BDE-AE0B-C147F40095DC}"
EndProject
Project("{FAE04EC0-301F-11D3-BF4B-00C04F79EFBC}") = "DuplicateFinder.Bl", "DuplicateFinder.Bl\DuplicateFinder.Bl.csproj", "{50EB6CCC-79CE-4C28-AE2D-81A6A8359EA4}"
EndProject
Global
	GlobalSection(SolutionConfigurationPlatforms) = preSolution
		Debug|Any CPU = Debug|Any CPU
		Release|Any CPU = Release|Any CPU
	EndGlobalSection
	GlobalSection(ProjectConfigurationPlatforms) = postSolution
		{316504DD-4E36-4BDE-AE0B-C147F40095DC}.Debug|Any CPU.ActiveCfg = Debug|Any CPU
		{316504DD-4E36-4BDE-AE0B-C147F40095DC}.Debug|Any CPU.Build.0 = Debug|Any CPU
		{316504DD-4E36-4BDE-AE0B-C147F40095DC}.Release|Any CPU.ActiveCfg = Release|Any CPU
		{316504DD-4E36-4BDE-AE0B-C147F40095DC}.Release|Any CPU.Build.0 = Release|Any CPU
		{50EB6CCC-79CE-4C28-AE2D-81A6A8359EA4}.Debug|Any CPU.ActiveCfg = Debug|Any CPU
		{50EB6CCC-79CE-4C28-AE2D-81A6A8359EA4}.Debug|Any CPU.Build.0 = Debug|Any CPU
		{50EB6CCC-79CE-4C28-AE2D-81A6A8359EA4}.Release|Any CPU.ActiveCfg = Release|Any CPU
		{50EB6CCC-79CE-4C28-AE2D-81A6A8359EA4}.Release|Any CPU.Build.0 = Release|Any CPU
	EndGlobalSection
	GlobalSection(SolutionProperties) = preSolution
		HideSolutionNode = FALSE
	EndGlobalSection
	GlobalSection(ExtensibilityGlobals) = postSolution
		SolutionGuid = {93F3238C-F6C5-46A1-83AE-63E997658C4F}
	EndGlobalSection
EndGlobal
